
Microsoft Visual Studio Solution File, Format Version 12.00
# Visual Studio 15
VisualStudioVersion = 15.0.27130.2010
MinimumVisualStudioVersion = 10.0.40219.1
Project("{E24C65DC-7377-472B-9ABA-BC803B73C61A}") = "my-app", "my-app\", "{CFD93573-5A8B-48A7-8A66-25290EB5A102}"
	ProjectSection(WebsiteProperties) = preProject
		TargetFrameworkMoniker = ".NETFramework,Version%3Dv4.0"
		Debug.AspNetCompiler.VirtualPath = "/localhost_51921"
		Debug.AspNetCompiler.PhysicalPath = "my-app\"
		Debug.AspNetCompiler.TargetPath = "PrecompiledWeb\localhost_51921\"
		Debug.AspNetCompiler.Updateable = "true"
		Debug.AspNetCompiler.ForceOverwrite = "true"
		Debug.AspNetCompiler.FixedNames = "false"
		Debug.AspNetCompiler.Debug = "True"
		Release.AspNetCompiler.VirtualPath = "/localhost_51921"
		Release.AspNetCompiler.PhysicalPath = "my-app\"
		Release.AspNetCompiler.TargetPath = "PrecompiledWeb\localhost_51921\"
		Release.AspNetCompiler.Updateable = "true"
		Release.AspNetCompiler.ForceOverwrite = "true"
		Release.AspNetCompiler.FixedNames = "false"
		Release.AspNetCompiler.Debug = "False"
		VWDPort = "51921"
		SlnRelativePath = "my-app\"
	EndProjectSection
EndProject
Project("{FAE04EC0-301F-11D3-BF4B-00C04F79EFBC}") = "ProductMgt.WebAPI", "LOB.WebAPI\ProductMgt.WebAPI.csproj", "{CDD21FC0-2548-4F02-8A9A-C97E1B395A4F}"
EndProject
Global
	GlobalSection(SolutionConfigurationPlatforms) = preSolution
		Debug|Any CPU = Debug|Any CPU
		Release|Any CPU = Release|Any CPU
	EndGlobalSection
	GlobalSection(ProjectConfigurationPlatforms) = postSolution
		{CFD93573-5A8B-48A7-8A66-25290EB5A102}.Debug|Any CPU.ActiveCfg = Debug|Any CPU
		{CFD93573-5A8B-48A7-8A66-25290EB5A102}.Debug|Any CPU.Build.0 = Debug|Any CPU
		{CFD93573-5A8B-48A7-8A66-25290EB5A102}.Release|Any CPU.ActiveCfg = Debug|Any CPU
		{CFD93573-5A8B-48A7-8A66-25290EB5A102}.Release|Any CPU.Build.0 = Debug|Any CPU
		{CDD21FC0-2548-4F02-8A9A-C97E1B395A4F}.Debug|Any CPU.ActiveCfg = Debug|Any CPU
		{CDD21FC0-2548-4F02-8A9A-C97E1B395A4F}.Debug|Any CPU.Build.0 = Debug|Any CPU
		{CDD21FC0-2548-4F02-8A9A-C97E1B395A4F}.Release|Any CPU.ActiveCfg = Release|Any CPU
		{CDD21FC0-2548-4F02-8A9A-C97E1B395A4F}.Release|Any CPU.Build.0 = Release|Any CPU
	EndGlobalSection
	GlobalSection(SolutionProperties) = preSolution
		HideSolutionNode = FALSE
	EndGlobalSection
	GlobalSection(ExtensibilityGlobals) = postSolution
		SolutionGuid = {12DB69AE-5CBC-49A8-9219-2B661F4DD039}
	EndGlobalSection
EndGlobal
